{
  "plugin_type": "files",
  "name": "analyze-snowflake",
  "namespace": "dbt-snowflake-monitoring",
  "variant": "matatika",
  "label": "Snowflake Insights",
  "repo": "https://github.com/Matatika/analyze-snowflake-monitoring",
  "pip_url": "git+https://github.com/Matatika/analyze-snowflake-monitoring@v0.2.0",
  "description": "Instant insights on usage and costs from Snowflake.",
  "update": {
    "*.yml": "true"
  },
  "full_description": "Instant insights on usage and costs from Snowflake."
}